// !$*UTF8*$!
{
	archiveVersion = 1;
	classes = {
	};
	objectVersion = 55;
	objects = {

/* Begin PBXBuildFile section */
		6E8994168F020B6A64572942 /* Pods_WisdomLeaf_WisdomLeafUITests.framework in Frameworks */ = {isa = PBXBuildFile; fileRef = 13EF1B17D2A9F28C96B1DE2B /* Pods_WisdomLeaf_WisdomLeafUITests.framework */; };
		80C5D560CA939C92BA2EAAC1 /* Pods_WisdomLeafTests.framework in Frameworks */ = {isa = PBXBuildFile; fileRef = 281E5CDEF38D102C59813894 /* Pods_WisdomLeafTests.framework */; };
		9B6FDC6DC8F311CBBB053040 /* Pods_WisdomLeaf.framework in Frameworks */ = {isa = PBXBuildFile; fileRef = EF1EC7ED91C84FAB06159DA1 /* Pods_WisdomLeaf.framework */; };
		BB3B8A392A0102BB00FD434B /* AppDelegate.swift in Sources */ = {isa = PBXBuildFile; fileRef = BB3B8A382A0102BB00FD434B /* AppDelegate.swift */; };
		BB3B8A3D2A0102BB00FD434B /* TblListViewController.swift in Sources */ = {isa = PBXBuildFile; fileRef = BB3B8A3C2A0102BB00FD434B /* TblListViewController.swift */; };
		BB3B8A402A0102BB00FD434B /* Main.storyboard in Resources */ = {isa = PBXBuildFile; fileRef = BB3B8A3E2A0102BB00FD434B /* Main.storyboard */; };
		BB3B8A422A0102C000FD434B /* Assets.xcassets in Resources */ = {isa = PBXBuildFile; fileRef = BB3B8A412A0102C000FD434B /* Assets.xcassets */; };
		BB3B8A502A0102C100FD434B /* WisdomLeafTests.swift in Sources */ = {isa = PBXBuildFile; fileRef = BB3B8A4F2A0102C100FD434B /* WisdomLeafTests.swift */; };
		BB3B8A5A2A0102C100FD434B /* WisdomLeafUITests.swift in Sources */ = {isa = PBXBuildFile; fileRef = BB3B8A592A0102C100FD434B /* WisdomLeafUITests.swift */; };
		BB3B8A5C2A0102C100FD434B /* WisdomLeafUITestsLaunchTests.swift in Sources */ = {isa = PBXBuildFile; fileRef = BB3B8A5B2A0102C100FD434B /* WisdomLeafUITestsLaunchTests.swift */; };
		BB3B8A692A0104AC00FD434B /* LaunchViewController.swift in Sources */ = {isa = PBXBuildFile; fileRef = BB3B8A682A0104AC00FD434B /* LaunchViewController.swift */; };
		BB3B8A6E2A010AD400FD434B /* TableViewCell.swift in Sources */ = {isa = PBXBuildFile; fileRef = BB3B8A6D2A010AD400FD434B /* TableViewCell.swift */; };
		BB3B8A712A0111EB00FD434B /* AutherListModel.swift in Sources */ = {isa = PBXBuildFile; fileRef = BB3B8A702A0111EB00FD434B /* AutherListModel.swift */; };
		BB3B8A742A01143600FD434B /* NetworkServices.swift in Sources */ = {isa = PBXBuildFile; fileRef = BB3B8A732A01143600FD434B /* NetworkServices.swift */; };
/* End PBXBuildFile section */

/* Begin PBXContainerItemProxy section */
		BB3B8A4C2A0102C100FD434B /* PBXContainerItemProxy */ = {
			isa = PBXContainerItemProxy;
			containerPortal = BB3B8A2D2A0102BB00FD434B /* Project object */;
			proxyType = 1;
			remoteGlobalIDString = BB3B8A342A0102BB00FD434B;
			remoteInfo = WisdomLeaf;
		};
		BB3B8A562A0102C100FD434B /* PBXContainerItemProxy */ = {
			isa = PBXContainerItemProxy;
			containerPortal = BB3B8A2D2A0102BB00FD434B /* Project object */;
			proxyType = 1;
			remoteGlobalIDString = BB3B8A342A0102BB00FD434B;
			remoteInfo = WisdomLeaf;
		};
/* End PBXContainerItemProxy section */

/* Begin PBXFileReference section */
		13EF1B17D2A9F28C96B1DE2B /* Pods_WisdomLeaf_WisdomLeafUITests.framework */ = {isa = PBXFileReference; explicitFileType = wrapper.framework; includeInIndex = 0; path = Pods_WisdomLeaf_WisdomLeafUITests.framework; sourceTree = BUILT_PRODUCTS_DIR; };
		281E5CDEF38D102C59813894 /* Pods_WisdomLeafTests.framework */ = {isa = PBXFileReference; explicitFileType = wrapper.framework; includeInIndex = 0; path = Pods_WisdomLeafTests.framework; sourceTree = BUILT_PRODUCTS_DIR; };
		39CE71FF1268A249C3AAD21D /* Pods-WisdomLeaf.debug.xcconfig */ = {isa = PBXFileReference; includeInIndex = 1; lastKnownFileType = text.xcconfig; name = "Pods-WisdomLeaf.debug.xcconfig"; path = "Target Support Files/Pods-WisdomLeaf/Pods-WisdomLeaf.debug.xcconfig"; sourceTree = "<group>"; };
		457C79605BC91472DBED58A8 /* Pods-WisdomLeaf.release.xcconfig */ = {isa = PBXFileReference; includeInIndex = 1; lastKnownFileType = text.xcconfig; name = "Pods-WisdomLeaf.release.xcconfig"; path = "Target Support Files/Pods-WisdomLeaf/Pods-WisdomLeaf.release.xcconfig"; sourceTree = "<group>"; };
		68A010CDBAA6FD54D575F093 /* Pods-WisdomLeafTests.debug.xcconfig */ = {isa = PBXFileReference; includeInIndex = 1; lastKnownFileType = text.xcconfig; name = "Pods-WisdomLeafTests.debug.xcconfig"; path = "Target Support Files/Pods-WisdomLeafTests/Pods-WisdomLeafTests.debug.xcconfig"; sourceTree = "<group>"; };
		8F1DC3EB6765834A44FD4E77 /* Pods-WisdomLeaf-WisdomLeafUITests.release.xcconfig */ = {isa = PBXFileReference; includeInIndex = 1; lastKnownFileType = text.xcconfig; name = "Pods-WisdomLeaf-WisdomLeafUITests.release.xcconfig"; path = "Target Support Files/Pods-WisdomLeaf-WisdomLeafUITests/Pods-WisdomLeaf-WisdomLeafUITests.release.xcconfig"; sourceTree = "<group>"; };
		BB3B8A352A0102BB00FD434B /* WisdomLeaf.app */ = {isa = PBXFileReference; explicitFileType = wrapper.application; includeInIndex = 0; path = WisdomLeaf.app; sourceTree = BUILT_PRODUCTS_DIR; };
		BB3B8A382A0102BB00FD434B /* AppDelegate.swift */ = {isa = PBXFileReference; lastKnownFileType = sourcecode.swift; path = AppDelegate.swift; sourceTree = "<group>"; };
		BB3B8A3C2A0102BB00FD434B /* TblListViewController.swift */ = {isa = PBXFileReference; lastKnownFileType = sourcecode.swift; path = TblListViewController.swift; sourceTree = "<group>"; };
		BB3B8A3F2A0102BB00FD434B /* Base */ = {isa = PBXFileReference; lastKnownFileType = file.storyboard; name = Base; path = Base.lproj/Main.storyboard; sourceTree = "<group>"; };
		BB3B8A412A0102C000FD434B /* Assets.xcassets */ = {isa = PBXFileReference; lastKnownFileType = folder.assetcatalog; path = Assets.xcassets; sourceTree = "<group>"; };
		BB3B8A462A0102C000FD434B /* Info.plist */ = {isa = PBXFileReference; lastKnownFileType = text.plist.xml; path = Info.plist; sourceTree = "<group>"; };
		BB3B8A4B2A0102C100FD434B /* WisdomLeafTests.xctest */ = {isa = PBXFileReference; explicitFileType = wrapper.cfbundle; includeInIndex = 0; path = WisdomLeafTests.xctest; sourceTree = BUILT_PRODUCTS_DIR; };
		BB3B8A4F2A0102C100FD434B /* WisdomLeafTests.swift */ = {isa = PBXFileReference; lastKnownFileType = sourcecode.swift; path = WisdomLeafTests.swift; sourceTree = "<group>"; };
		BB3B8A552A0102C100FD434B /* WisdomLeafUITests.xctest */ = {isa = PBXFileReference; explicitFileType = wrapper.cfbundle; includeInIndex = 0; path = WisdomLeafUITests.xctest; sourceTree = BUILT_PRODUCTS_DIR; };
		BB3B8A592A0102C100FD434B /* WisdomLeafUITests.swift */ = {isa = PBXFileReference; lastKnownFileType = sourcecode.swift; path = WisdomLeafUITests.swift; sourceTree = "<group>"; };
		BB3B8A5B2A0102C100FD434B /* WisdomLeafUITestsLaunchTests.swift */ = {isa = PBXFileReference; lastKnownFileType = sourcecode.swift; path = WisdomLeafUITestsLaunchTests.swift; sourceTree = "<group>"; };
		BB3B8A682A0104AC00FD434B /* LaunchViewController.swift */ = {isa = PBXFileReference; lastKnownFileType = sourcecode.swift; path = LaunchViewController.swift; sourceTree = "<group>"; };
		BB3B8A6D2A010AD400FD434B /* TableViewCell.swift */ = {isa = PBXFileReference; lastKnownFileType = sourcecode.swift; path = TableViewCell.swift; sourceTree = "<group>"; };
		BB3B8A702A0111EB00FD434B /* AutherListModel.swift */ = {isa = PBXFileReference; fileEncoding = 4; lastKnownFileType = sourcecode.swift; path = AutherListModel.swift; sourceTree = "<group>"; };
		BB3B8A732A01143600FD434B /* NetworkServices.swift */ = {isa = PBXFileReference; fileEncoding = 4; lastKnownFileType = sourcecode.swift; path = NetworkServices.swift; sourceTree = "<group>"; };
		E78813B79B125FBA324DB9E7 /* Pods-WisdomLeafTests.release.xcconfig */ = {isa = PBXFileReference; includeInIndex = 1; lastKnownFileType = text.xcconfig; name = "Pods-WisdomLeafTests.release.xcconfig"; path = "Target Support Files/Pods-WisdomLeafTests/Pods-WisdomLeafTests.release.xcconfig"; sourceTree = "<group>"; };
		EF1EC7ED91C84FAB06159DA1 /* Pods_WisdomLeaf.framework */ = {isa = PBXFileReference; explicitFileType = wrapper.framework; includeInIndex = 0; path = Pods_WisdomLeaf.framework; sourceTree = BUILT_PRODUCTS_DIR; };
		F8D5AFAD6E99346F296D9DF6 /* Pods-WisdomLeaf-WisdomLeafUITests.debug.xcconfig */ = {isa = PBXFileReference; includeInIndex = 1; lastKnownFileType = text.xcconfig; name = "Pods-WisdomLeaf-WisdomLeafUITests.debug.xcconfig"; path = "Target Support Files/Pods-WisdomLeaf-WisdomLeafUITests/Pods-WisdomLeaf-WisdomLeafUITests.debug.xcconfig"; sourceTree = "<group>"; };
/* End PBXFileReference section */

/* Begin PBXFrameworksBuildPhase section */
		BB3B8A322A0102BB00FD434B /* Frameworks */ = {
			isa = PBXFrameworksBuildPhase;
			buildActionMask = 2147483647;
			files = (
				9B6FDC6DC8F311CBBB053040 /* Pods_WisdomLeaf.framework in Frameworks */,
			);
			runOnlyForDeploymentPostprocessing = 0;
		};
		BB3B8A482A0102C100FD434B /* Frameworks */ = {
			isa = PBXFrameworksBuildPhase;
			buildActionMask = 2147483647;
			files = (
				80C5D560CA939C92BA2EAAC1 /* Pods_WisdomLeafTests.framework in Frameworks */,
			);
			runOnlyForDeploymentPostprocessing = 0;
		};
		BB3B8A522A0102C100FD434B /* Frameworks */ = {
			isa = PBXFrameworksBuildPhase;
			buildActionMask = 2147483647;
			files = (
				6E8994168F020B6A64572942 /* Pods_WisdomLeaf_WisdomLeafUITests.framework in Frameworks */,
			);
			runOnlyForDeploymentPostprocessing = 0;
		};
/* End PBXFrameworksBuildPhase section */

/* Begin PBXGroup section */
		B2593B1C26D0507892BAD364 /* Pods */ = {
			isa = PBXGroup;
			children = (
				39CE71FF1268A249C3AAD21D /* Pods-WisdomLeaf.debug.xcconfig */,
				457C79605BC91472DBED58A8 /* Pods-WisdomLeaf.release.xcconfig */,
				F8D5AFAD6E99346F296D9DF6 /* Pods-WisdomLeaf-WisdomLeafUITests.debug.xcconfig */,
				8F1DC3EB6765834A44FD4E77 /* Pods-WisdomLeaf-WisdomLeafUITests.release.xcconfig */,
				68A010CDBAA6FD54D575F093 /* Pods-WisdomLeafTests.debug.xcconfig */,
				E78813B79B125FBA324DB9E7 /* Pods-WisdomLeafTests.release.xcconfig */,
			);
			path = Pods;
			sourceTree = "<group>";
		};
		BB3B8A2C2A0102BB00FD434B = {
			isa = PBXGroup;
			children = (
				BB3B8A372A0102BB00FD434B /* WisdomLeaf */,
				BB3B8A4E2A0102C100FD434B /* WisdomLeafTests */,
				BB3B8A582A0102C100FD434B /* WisdomLeafUITests */,
				BB3B8A362A0102BB00FD434B /* Products */,
				B2593B1C26D0507892BAD364 /* Pods */,
				FEAD9FD9F84F5ED35433C021 /* Frameworks */,
			);
			sourceTree = "<group>";
		};
		BB3B8A362A0102BB00FD434B /* Products */ = {
			isa = PBXGroup;
			children = (
				BB3B8A352A0102BB00FD434B /* WisdomLeaf.app */,
				BB3B8A4B2A0102C100FD434B /* WisdomLeafTests.xctest */,
				BB3B8A552A0102C100FD434B /* WisdomLeafUITests.xctest */,
			);
			name = Products;
			sourceTree = "<group>";
		};
		BB3B8A372A0102BB00FD434B /* WisdomLeaf */ = {
			isa = PBXGroup;
			children = (
				BB3B8A6A2A010A6E00FD434B /* Model */,
				BB3B8A6B2A010A7900FD434B /* View */,
				BB3B8A6C2A010A8400FD434B /* Controller */,
				BB3B8A6F2A010AEE00FD434B /* Storyboard */,
				BB3B8A722A01143600FD434B /* Services */,
				BB3B8A382A0102BB00FD434B /* AppDelegate.swift */,
				BB3B8A412A0102C000FD434B /* Assets.xcassets */,
				BB3B8A462A0102C000FD434B /* Info.plist */,
			);
			path = WisdomLeaf;
			sourceTree = "<group>";
		};
		BB3B8A4E2A0102C100FD434B /* WisdomLeafTests */ = {
			isa = PBXGroup;
			children = (
				BB3B8A4F2A0102C100FD434B /* WisdomLeafTests.swift */,
			);
			path = WisdomLeafTests;
			sourceTree = "<group>";
		};
		BB3B8A582A0102C100FD434B /* WisdomLeafUITests */ = {
			isa = PBXGroup;
			children = (
				BB3B8A592A0102C100FD434B /* WisdomLeafUITests.swift */,
				BB3B8A5B2A0102C100FD434B /* WisdomLeafUITestsLaunchTests.swift */,
			);
			path = WisdomLeafUITests;
			sourceTree = "<group>";
		};
		BB3B8A6A2A010A6E00FD434B /* Model */ = {
			isa = PBXGroup;
			children = (
				BB3B8A702A0111EB00FD434B /* AutherListModel.swift */,
			);
			path = Model;
			sourceTree = "<group>";
		};
		BB3B8A6B2A010A7900FD434B /* View */ = {
			isa = PBXGroup;
			children = (
				BB3B8A6D2A010AD400FD434B /* TableViewCell.swift */,
			);
			path = View;
			sourceTree = "<group>";
		};
		BB3B8A6C2A010A8400FD434B /* Controller */ = {
			isa = PBXGroup;
			children = (
				BB3B8A3C2A0102BB00FD434B /* TblListViewController.swift */,
				BB3B8A682A0104AC00FD434B /* LaunchViewController.swift */,
			);
			path = Controller;
			sourceTree = "<group>";
		};
		BB3B8A6F2A010AEE00FD434B /* Storyboard */ = {
			isa = PBXGroup;
			children = (
				BB3B8A3E2A0102BB00FD434B /* Main.storyboard */,
			);
			path = Storyboard;
			sourceTree = "<group>";
		};
		BB3B8A722A01143600FD434B /* Services */ = {
			isa = PBXGroup;
			children = (
				BB3B8A732A01143600FD434B /* NetworkServices.swift */,
			);
			path = Services;
			sourceTree = "<group>";
		};
		FEAD9FD9F84F5ED35433C021 /* Frameworks */ = {
			isa = PBXGroup;
			children = (
				EF1EC7ED91C84FAB06159DA1 /* Pods_WisdomLeaf.framework */,
				13EF1B17D2A9F28C96B1DE2B /* Pods_WisdomLeaf_WisdomLeafUITests.framework */,
				281E5CDEF38D102C59813894 /* Pods_WisdomLeafTests.framework */,
			);
			name = Frameworks;
			sourceTree = "<group>";
		};
/* End PBXGroup section */

/* Begin PBXNativeTarget section */
		BB3B8A342A0102BB00FD434B /* WisdomLeaf */ = {
			isa = PBXNativeTarget;
			buildConfigurationList = BB3B8A5F2A0102C100FD434B /* Build configuration list for PBXNativeTarget "WisdomLeaf" */;
			buildPhases = (
				AFEAD805C895F7BEFCC10FAC /* [CP] Check Pods Manifest.lock */,
				BB3B8A312A0102BB00FD434B /* Sources */,
				BB3B8A322A0102BB00FD434B /* Frameworks */,
				BB3B8A332A0102BB00FD434B /* Resources */,
				29C846A8100167AEE09B4FA8 /* [CP] Embed Pods Frameworks */,
			);
			buildRules = (
			);
			dependencies = (
			);
			name = WisdomLeaf;
			productName = WisdomLeaf;
			productReference = BB3B8A352A0102BB00FD434B /* WisdomLeaf.app */;
			productType = "com.apple.product-type.application";
		};
		BB3B8A4A2A0102C100FD434B /* WisdomLeafTests */ = {
			isa = PBXNativeTarget;
			buildConfigurationList = BB3B8A622A0102C100FD434B /* Build configuration list for PBXNativeTarget "WisdomLeafTests" */;
			buildPhases = (
				CD99B0A1CB0030E0C2CDA919 /* [CP] Check Pods Manifest.lock */,
				BB3B8A472A0102C100FD434B /* Sources */,
				BB3B8A482A0102C100FD434B /* Frameworks */,
				BB3B8A492A0102C100FD434B /* Resources */,
			);
			buildRules = (
			);
			dependencies = (
				BB3B8A4D2A0102C100FD434B /* PBXTargetDependency */,
			);
			name = WisdomLeafTests;
			productName = WisdomLeafTests;
			productReference = BB3B8A4B2A0102C100FD434B /* WisdomLeafTests.xctest */;
			productType = "com.apple.product-type.bundle.unit-test";
		};
		BB3B8A542A0102C100FD434B /* WisdomLeafUITests */ = {
			isa = PBXNativeTarget;
			buildConfigurationList = BB3B8A652A0102C100FD434B /* Build configuration list for PBXNativeTarget "WisdomLeafUITests" */;
			buildPhases = (
				3EC49410F9E23C7DBFA1E24F /* [CP] Check Pods Manifest.lock */,
				BB3B8A512A0102C100FD434B /* Sources */,
				BB3B8A522A0102C100FD434B /* Frameworks */,
				BB3B8A532A0102C100FD434B /* Resources */,
				CED4962D179D864133AC7F00 /* [CP] Embed Pods Frameworks */,
			);
			buildRules = (
			);
			dependencies = (
				BB3B8A572A0102C100FD434B /* PBXTargetDependency */,
			);
			name = WisdomLeafUITests;
			productName = WisdomLeafUITests;
			productReference = BB3B8A552A0102C100FD434B /* WisdomLeafUITests.xctest */;
			productType = "com.apple.product-type.bundle.ui-testing";
		};
/* End PBXNativeTarget section */

/* Begin PBXProject section */
		BB3B8A2D2A0102BB00FD434B /* Project object */ = {
			isa = PBXProject;
			attributes = {
				BuildIndependentTargetsInParallel = 1;
				LastSwiftUpdateCheck = 1420;
				LastUpgradeCheck = 1420;
				TargetAttributes = {
					BB3B8A342A0102BB00FD434B = {
						CreatedOnToolsVersion = 14.2;
					};
					BB3B8A4A2A0102C100FD434B = {
						CreatedOnToolsVersion = 14.2;
						TestTargetID = BB3B8A342A0102BB00FD434B;
					};
					BB3B8A542A0102C100FD434B = {
						CreatedOnToolsVersion = 14.2;
						TestTargetID = BB3B8A342A0102BB00FD434B;
					};
				};
			};
			buildConfigurationList = BB3B8A302A0102BB00FD434B /* Build configuration list for PBXProject "WisdomLeaf" */;
			compatibilityVersion = "Xcode 13.0";
			developmentRegion = en;
			hasScannedForEncodings = 0;
			knownRegions = (
				en,
				Base,
			);
			mainGroup = BB3B8A2C2A0102BB00FD434B;
			productRefGroup = BB3B8A362A0102BB00FD434B /* Products */;
			projectDirPath = "";
			projectRoot = "";
			targets = (
				BB3B8A342A0102BB00FD434B /* WisdomLeaf */,
				BB3B8A4A2A0102C100FD434B /* WisdomLeafTests */,
				BB3B8A542A0102C100FD434B /* WisdomLeafUITests */,
			);
		};
/* End PBXProject section */

/* Begin PBXResourcesBuildPhase section */
		BB3B8A332A0102BB00FD434B /* Resources */ = {
			isa = PBXResourcesBuildPhase;
			buildActionMask = 2147483647;
			files = (
				BB3B8A422A0102C000FD434B /* Assets.xcassets in Resources */,
				BB3B8A402A0102BB00FD434B /* Main.storyboard in Resources */,
			);
			runOnlyForDeploymentPostprocessing = 0;
		};
		BB3B8A492A0102C100FD434B /* Resources */ = {
			isa = PBXResourcesBuildPhase;
			buildActionMask = 2147483647;
			files = (
			);
			runOnlyForDeploymentPostprocessing = 0;
		};
		BB3B8A532A0102C100FD434B /* Resources */ = {
			isa = PBXResourcesBuildPhase;
			buildActionMask = 2147483647;
			files = (
			);
			runOnlyForDeploymentPostprocessing = 0;
		};
/* End PBXResourcesBuildPhase section */

/* Begin PBXShellScriptBuildPhase section */
		29C846A8100167AEE09B4FA8 /* [CP] Embed Pods Frameworks */ = {
			isa = PBXShellScriptBuildPhase;
			buildActionMask = 2147483647;
			files = (
			);
			inputFileListPaths = (
				"${PODS_ROOT}/Target Support Files/Pods-WisdomLeaf/Pods-WisdomLeaf-frameworks-${CONFIGURATION}-input-files.xcfilelist",
			);
			name = "[CP] Embed Pods Frameworks";
			outputFileListPaths = (
				"${PODS_ROOT}/Target Support Files/Pods-WisdomLeaf/Pods-WisdomLeaf-frameworks-${CONFIGURATION}-output-files.xcfilelist",
			);
			runOnlyForDeploymentPostprocessing = 0;
			shellPath = /bin/sh;
			shellScript = "\"${PODS_ROOT}/Target Support Files/Pods-WisdomLeaf/Pods-WisdomLeaf-frameworks.sh\"\n";
			showEnvVarsInLog = 0;
		};
		3EC49410F9E23C7DBFA1E24F /* [CP] Check Pods Manifest.lock */ = {
			isa = PBXShellScriptBuildPhase;
			buildActionMask = 2147483647;
			files = (
			);
			inputFileListPaths = (
			);
			inputPaths = (
				"${PODS_PODFILE_DIR_PATH}/Podfile.lock",
				"${PODS_ROOT}/Manifest.lock",
			);
			name = "[CP] Check Pods Manifest.lock";
			outputFileListPaths = (
			);
			outputPaths = (
				"$(DERIVED_FILE_DIR)/Pods-WisdomLeaf-WisdomLeafUITests-checkManifestLockResult.txt",
			);
			runOnlyForDeploymentPostprocessing = 0;
			shellPath = /bin/sh;
			shellScript = "diff \"${PODS_PODFILE_DIR_PATH}/Podfile.lock\" \"${PODS_ROOT}/Manifest.lock\" > /dev/null\nif [ $? != 0 ] ; then\n    # print error to STDERR\n    echo \"error: The sandbox is not in sync with the Podfile.lock. Run 'pod install' or update your CocoaPods installation.\" >&2\n    exit 1\nfi\n# This output is used by Xcode 'outputs' to avoid re-running this script phase.\necho \"SUCCESS\" > \"${SCRIPT_OUTPUT_FILE_0}\"\n";
			showEnvVarsInLog = 0;
		};
		AFEAD805C895F7BEFCC10FAC /* [CP] Check Pods Manifest.lock */ = {
			isa = PBXShellScriptBuildPhase;
			buildActionMask = 2147483647;
			files = (
			);
			inputFileListPaths = (
			);
			inputPaths = (
				"${PODS_PODFILE_DIR_PATH}/Podfile.lock",
				"${PODS_ROOT}/Manifest.lock",
			);
			name = "[CP] Check Pods Manifest.lock";
			outputFileListPaths = (
			);
			outputPaths = (
				"$(DERIVED_FILE_DIR)/Pods-WisdomLeaf-checkManifestLockResult.txt",
			);
			runOnlyForDeploymentPostprocessing = 0;
			shellPath = /bin/sh;
			shellScript = "diff \"${PODS_PODFILE_DIR_PATH}/Podfile.lock\" \"${PODS_ROOT}/Manifest.lock\" > /dev/null\nif [ $? != 0 ] ; then\n    # print error to STDERR\n    echo \"error: The sandbox is not in sync with the Podfile.lock. Run 'pod install' or update your CocoaPods installation.\" >&2\n    exit 1\nfi\n# This output is used by Xcode 'outputs' to avoid re-running this script phase.\necho \"SUCCESS\" > \"${SCRIPT_OUTPUT_FILE_0}\"\n";
			showEnvVarsInLog = 0;
		};
		CD99B0A1CB0030E0C2CDA919 /* [CP] Check Pods Manifest.lock */ = {
			isa = PBXShellScriptBuildPhase;
			buildActionMask = 2147483647;
			files = (
			);
			inputFileListPaths = (
			);
			inputPaths = (
				"${PODS_PODFILE_DIR_PATH}/Podfile.lock",
				"${PODS_ROOT}/Manifest.lock",
			);
			name = "[CP] Check Pods Manifest.lock";
			outputFileListPaths = (
			);
			outputPaths = (
				"$(DERIVED_FILE_DIR)/Pods-WisdomLeafTests-checkManifestLockResult.txt",
			);
			runOnlyForDeploymentPostprocessing = 0;
			shellPath = /bin/sh;
			shellScript = "diff \"${PODS_PODFILE_DIR_PATH}/Podfile.lock\" \"${PODS_ROOT}/Manifest.lock\" > /dev/null\nif [ $? != 0 ] ; then\n    # print error to STDERR\n    echo \"error: The sandbox is not in sync with the Podfile.lock. Run 'pod install' or update your CocoaPods installation.\" >&2\n    exit 1\nfi\n# This output is used by Xcode 'outputs' to avoid re-running this script phase.\necho \"SUCCESS\" > \"${SCRIPT_OUTPUT_FILE_0}\"\n";
			showEnvVarsInLog = 0;
		};
		CED4962D179D864133AC7F00 /* [CP] Embed Pods Frameworks */ = {
			isa = PBXShellScriptBuildPhase;
			buildActionMask = 2147483647;
			files = (
			);
			inputFileListPaths = (
				"${PODS_ROOT}/Target Support Files/Pods-WisdomLeaf-WisdomLeafUITests/Pods-WisdomLeaf-WisdomLeafUITests-frameworks-${CONFIGURATION}-input-files.xcfilelist",
			);
			name = "[CP] Embed Pods Frameworks";
			outputFileListPaths = (
				"${PODS_ROOT}/Target Support Files/Pods-WisdomLeaf-WisdomLeafUITests/Pods-WisdomLeaf-WisdomLeafUITests-frameworks-${CONFIGURATION}-output-files.xcfilelist",
			);
			runOnlyForDeploymentPostprocessing = 0;
			shellPath = /bin/sh;
			shellScript = "\"${PODS_ROOT}/Target Support Files/Pods-WisdomLeaf-WisdomLeafUITests/Pods-WisdomLeaf-WisdomLeafUITests-frameworks.sh\"\n";
			showEnvVarsInLog = 0;
		};
/* End PBXShellScriptBuildPhase section */

/* Begin PBXSourcesBuildPhase section */
		BB3B8A312A0102BB00FD434B /* Sources */ = {
			isa = PBXSourcesBuildPhase;
			buildActionMask = 2147483647;
			files = (
				BB3B8A742A01143600FD434B /* NetworkServices.swift in Sources */,
				BB3B8A3D2A0102BB00FD434B /* TblListViewController.swift in Sources */,
				BB3B8A712A0111EB00FD434B /* AutherListModel.swift in Sources */,
				BB3B8A6E2A010AD400FD434B /* TableViewCell.swift in Sources */,
				BB3B8A692A0104AC00FD434B /* LaunchViewController.swift in Sources */,
				BB3B8A392A0102BB00FD434B /* AppDelegate.swift in Sources */,
			);
			runOnlyForDeploymentPostprocessing = 0;
		};
		BB3B8A472A0102C100FD434B /* Sources */ = {
			isa = PBXSourcesBuildPhase;
			buildActionMask = 2147483647;
			files = (
				BB3B8A502A0102C100FD434B /* WisdomLeafTests.swift in Sources */,
			);
			runOnlyForDeploymentPostprocessing = 0;
		};
		BB3B8A512A0102C100FD434B /* Sources */ = {
			isa = PBXSourcesBuildPhase;
			buildActionMask = 2147483647;
			files = (
				BB3B8A5A2A0102C100FD434B /* WisdomLeafUITests.swift in Sources */,
				BB3B8A5C2A0102C100FD434B /* WisdomLeafUITestsLaunchTests.swift in Sources */,
			);
			runOnlyForDeploymentPostprocessing = 0;
		};
/* End PBXSourcesBuildPhase section */

/* Begin PBXTargetDependency section */
		BB3B8A4D2A0102C100FD434B /* PBXTargetDependency */ = {
			isa = PBXTargetDependency;
			target = BB3B8A342A0102BB00FD434B /* WisdomLeaf */;
			targetProxy = BB3B8A4C2A0102C100FD434B /* PBXContainerItemProxy */;
		};
		BB3B8A572A0102C100FD434B /* PBXTargetDependency */ = {
			isa = PBXTargetDependency;
			target = BB3B8A342A0102BB00FD434B /* WisdomLeaf */;
			targetProxy = BB3B8A562A0102C100FD434B /* PBXContainerItemProxy */;
		};
/* End PBXTargetDependency section */

/* Begin PBXVariantGroup section */
		BB3B8A3E2A0102BB00FD434B /* Main.storyboard */ = {
			isa = PBXVariantGroup;
			children = (
				BB3B8A3F2A0102BB00FD434B /* Base */,
			);
			name = Main.storyboard;
			sourceTree = "<group>";
		};
/* End PBXVariantGroup section */

/* Begin XCBuildConfiguration section */
		BB3B8A5D2A0102C100FD434B /* Debug */ = {
			isa = XCBuildConfiguration;
			buildSettings = {
				ALWAYS_SEARCH_USER_PATHS = NO;
				CLANG_ANALYZER_NONNULL = YES;
				CLANG_ANALYZER_NUMBER_OBJECT_CONVERSION = YES_AGGRESSIVE;
				CLANG_CXX_LANGUAGE_STANDARD = "gnu++20";
				CLANG_ENABLE_MODULES = YES;
				CLANG_ENABLE_OBJC_ARC = YES;
				CLANG_ENABLE_OBJC_WEAK = YES;
				CLANG_WARN_BLOCK_CAPTURE_AUTORELEASING = YES;
				CLANG_WARN_BOOL_CONVERSION = YES;
				CLANG_WARN_COMMA = YES;
				CLANG_WARN_CONSTANT_CONVERSION = YES;
				CLANG_WARN_DEPRECATED_OBJC_IMPLEMENTATIONS = YES;
				CLANG_WARN_DIRECT_OBJC_ISA_USAGE = YES_ERROR;
				CLANG_WARN_DOCUMENTATION_COMMENTS = YES;
				CLANG_WARN_EMPTY_BODY = YES;
				CLANG_WARN_ENUM_CONVERSION = YES;
				CLANG_WARN_INFINITE_RECURSION = YES;
				CLANG_WARN_INT_CONVERSION = YES;
				CLANG_WARN_NON_LITERAL_NULL_CONVERSION = YES;
				CLANG_WARN_OBJC_IMPLICIT_RETAIN_SELF = YES;
				CLANG_WARN_OBJC_LITERAL_CONVERSION = YES;
				CLANG_WARN_OBJC_ROOT_CLASS = YES_ERROR;
				CLANG_WARN_QUOTED_INCLUDE_IN_FRAMEWORK_HEADER = YES;
				CLANG_WARN_RANGE_LOOP_ANALYSIS = YES;
				CLANG_WARN_STRICT_PROTOTYPES = YES;
				CLANG_WARN_SUSPICIOUS_MOVE = YES;
				CLANG_WARN_UNGUARDED_AVAILABILITY = YES_AGGRESSIVE;
				CLANG_WARN_UNREACHABLE_CODE = YES;
				CLANG_WARN__DUPLICATE_METHOD_MATCH = YES;
				COPY_PHASE_STRIP = NO;
				DEBUG_INFORMATION_FORMAT = dwarf;
				ENABLE_STRICT_OBJC_MSGSEND = YES;
				ENABLE_TESTABILITY = YES;
				GCC_C_LANGUAGE_STANDARD = gnu11;
				GCC_DYNAMIC_NO_PIC = NO;
				GCC_NO_COMMON_BLOCKS = YES;
				GCC_OPTIMIZATION_LEVEL = 0;
				GCC_PREPROCESSOR_DEFINITIONS = (
					"DEBUG=1",
					"$(inherited)",
				);
				GCC_WARN_64_TO_32_BIT_CONVERSION = YES;
				GCC_WARN_ABOUT_RETURN_TYPE = YES_ERROR;
				GCC_WARN_UNDECLARED_SELECTOR = YES;
				GCC_WARN_UNINITIALIZED_AUTOS = YES_AGGRESSIVE;
				GCC_WARN_UNUSED_FUNCTION = YES;
				GCC_WARN_UNUSED_VARIABLE = YES;
				IPHONEOS_DEPLOYMENT_TARGET = 16.2;
				MTL_ENABLE_DEBUG_INFO = INCLUDE_SOURCE;
				MTL_FAST_MATH = YES;
				ONLY_ACTIVE_ARCH = YES;
				SDKROOT = iphoneos;
				SWIFT_ACTIVE_COMPILATION_CONDITIONS = DEBUG;
				SWIFT_OPTIMIZATION_LEVEL = "-Onone";
			};
			name = Debug;
		};
		BB3B8A5E2A0102C100FD434B /* Release */ = {
			isa = XCBuildConfiguration;
			buildSettings = {
				ALWAYS_SEARCH_USER_PATHS = NO;
				CLANG_ANALYZER_NONNULL = YES;
				CLANG_ANALYZER_NUMBER_OBJECT_CONVERSION = YES_AGGRESSIVE;
				CLANG_CXX_LANGUAGE_STANDARD = "gnu++20";
				CLANG_ENABLE_MODULES = YES;
				CLANG_ENABLE_OBJC_ARC = YES;
				CLANG_ENABLE_OBJC_WEAK = YES;
				CLANG_WARN_BLOCK_CAPTURE_AUTORELEASING = YES;
				CLANG_WARN_BOOL_CONVERSION = YES;
				CLANG_WARN_COMMA = YES;
				CLANG_WARN_CONSTANT_CONVERSION = YES;
				CLANG_WARN_DEPRECATED_OBJC_IMPLEMENTATIONS = YES;
				CLANG_WARN_DIRECT_OBJC_ISA_USAGE = YES_ERROR;
				CLANG_WARN_DOCUMENTATION_COMMENTS = YES;
				CLANG_WARN_EMPTY_BODY = YES;
				CLANG_WARN_ENUM_CONVERSION = YES;
				CLANG_WARN_INFINITE_RECURSION = YES;
				CLANG_WARN_INT_CONVERSION = YES;
				CLANG_WARN_NON_LITERAL_NULL_CONVERSION = YES;
				CLANG_WARN_OBJC_IMPLICIT_RETAIN_SELF = YES;
				CLANG_WARN_OBJC_LITERAL_CONVERSION = YES;
				CLANG_WARN_OBJC_ROOT_CLASS = YES_ERROR;
				CLANG_WARN_QUOTED_INCLUDE_IN_FRAMEWORK_HEADER = YES;
				CLANG_WARN_RANGE_LOOP_ANALYSIS = YES;
				CLANG_WARN_STRICT_PROTOTYPES = YES;
				CLANG_WARN_SUSPICIOUS_MOVE = YES;
				CLANG_WARN_UNGUARDED_AVAILABILITY = YES_AGGRESSIVE;
				CLANG_WARN_UNREACHABLE_CODE = YES;
				CLANG_WARN__DUPLICATE_METHOD_MATCH = YES;
				COPY_PHASE_STRIP = NO;
				DEBUG_INFORMATION_FORMAT = "dwarf-with-dsym";
				ENABLE_NS_ASSERTIONS = NO;
				ENABLE_STRICT_OBJC_MSGSEND = YES;
				GCC_C_LANGUAGE_STANDARD = gnu11;
				GCC_NO_COMMON_BLOCKS = YES;
				GCC_WARN_64_TO_32_BIT_CONVERSION = YES;
				GCC_WARN_ABOUT_RETURN_TYPE = YES_ERROR;
				GCC_WARN_UNDECLARED_SELECTOR = YES;
				GCC_WARN_UNINITIALIZED_AUTOS = YES_AGGRESSIVE;
				GCC_WARN_UNUSED_FUNCTION = YES;
				GCC_WARN_UNUSED_VARIABLE = YES;
				IPHONEOS_DEPLOYMENT_TARGET = 16.2;
				MTL_ENABLE_DEBUG_INFO = NO;
				MTL_FAST_MATH = YES;
				SDKROOT = iphoneos;
				SWIFT_COMPILATION_MODE = wholemodule;
				SWIFT_OPTIMIZATION_LEVEL = "-O";
				VALIDATE_PRODUCT = YES;
			};
			name = Release;
		};
		BB3B8A602A0102C100FD434B /* Debug */ = {
			isa = XCBuildConfiguration;
			baseConfigurationReference = 39CE71FF1268A249C3AAD21D /* Pods-WisdomLeaf.debug.xcconfig */;
			buildSettings = {
				ASSETCATALOG_COMPILER_APPICON_NAME = AppIcon;
				ASSETCATALOG_COMPILER_GLOBAL_ACCENT_COLOR_NAME = AccentColor;
				CODE_SIGN_STYLE = Automatic;
				CURRENT_PROJECT_VERSION = 1;
				DEVELOPMENT_TEAM = H6ME3HB6BA;
				GENERATE_INFOPLIST_FILE = YES;
				INFOPLIST_FILE = WisdomLeaf/Info.plist;
				INFOPLIST_KEY_UIApplicationSupportsIndirectInputEvents = YES;
				INFOPLIST_KEY_UILaunchStoryboardName = "";
				INFOPLIST_KEY_UIMainStoryboardFile = Main;
				INFOPLIST_KEY_UISupportedInterfaceOrientations = UIInterfaceOrientationPortrait;
				IPHONEOS_DEPLOYMENT_TARGET = 12.0;
				LD_RUNPATH_SEARCH_PATHS = (
					"$(inherited)",
					"@executable_path/Frameworks",
				);
				MARKETING_VERSION = 1.0;
				PRODUCT_BUNDLE_IDENTIFIER = com.test.WisdomLeaf;
				PRODUCT_NAME = "$(TARGET_NAME)";
				SUPPORTED_PLATFORMS = "iphoneos iphonesimulator";
				SUPPORTS_MACCATALYST = NO;
				SUPPORTS_MAC_DESIGNED_FOR_IPHONE_IPAD = NO;
				SWIFT_EMIT_LOC_STRINGS = YES;
				SWIFT_VERSION = 5.0;
				TARGETED_DEVICE_FAMILY = 1;
			};
			name = Debug;
		};
		BB3B8A612A0102C100FD434B /* Release */ = {
			isa = XCBuildConfiguration;
			baseConfigurationReference = 457C79605BC91472DBED58A8 /* Pods-WisdomLeaf.release.xcconfig */;
			buildSettings = {
				ASSETCATALOG_COMPILER_APPICON_NAME = AppIcon;
				ASSETCATALOG_COMPILER_GLOBAL_ACCENT_COLOR_NAME = AccentColor;
				CODE_SIGN_STYLE = Automatic;
				CURRENT_PROJECT_VERSION = 1;
				DEVELOPMENT_TEAM = H6ME3HB6BA;
				GENERATE_INFOPLIST_FILE = YES;
				INFOPLIST_FILE = WisdomLeaf/Info.plist;
				INFOPLIST_KEY_UIApplicationSupportsIndirectInputEvents = YES;
				INFOPLIST_KEY_UILaunchStoryboardName = "";
				INFOPLIST_KEY_UIMainStoryboardFile = Main;
				INFOPLIST_KEY_UISupportedInterfaceOrientations = UIInterfaceOrientationPortrait;
				IPHONEOS_DEPLOYMENT_TARGET = 12.0;
				LD_RUNPATH_SEARCH_PATHS = (
					"$(inherited)",
					"@executable_path/Frameworks",
				);
				MARKETING_VERSION = 1.0;
				PRODUCT_BUNDLE_IDENTIFIER = com.test.WisdomLeaf;
				PRODUCT_NAME = "$(TARGET_NAME)";
				SUPPORTED_PLATFORMS = "iphoneos iphonesimulator";
				SUPPORTS_MACCATALYST = NO;
				SUPPORTS_MAC_DESIGNED_FOR_IPHONE_IPAD = NO;
				SWIFT_EMIT_LOC_STRINGS = YES;
				SWIFT_VERSION = 5.0;
				TARGETED_DEVICE_FAMILY = 1;
			};
			name = Release;
		};
		BB3B8A632A0102C100FD434B /* Debug */ = {
			isa = XCBuildConfiguration;
			baseConfigurationReference = 68A010CDBAA6FD54D575F093 /* Pods-WisdomLeafTests.debug.xcconfig */;
			buildSettings = {
				ALWAYS_EMBED_SWIFT_STANDARD_LIBRARIES = YES;
				BUNDLE_LOADER = "$(TEST_HOST)";
				CODE_SIGN_STYLE = Automatic;
				CURRENT_PROJECT_VERSION = 1;
				GENERATE_INFOPLIST_FILE = YES;
				IPHONEOS_DEPLOYMENT_TARGET = 16.2;
				MARKETING_VERSION = 1.0;
				PRODUCT_BUNDLE_IDENTIFIER = com.automaton.test.WisdomLeafTests;
				PRODUCT_NAME = "$(TARGET_NAME)";
				SWIFT_EMIT_LOC_STRINGS = NO;
				SWIFT_VERSION = 5.0;
				TARGETED_DEVICE_FAMILY = "1,2";
				TEST_HOST = "$(BUILT_PRODUCTS_DIR)/WisdomLeaf.app/$(BUNDLE_EXECUTABLE_FOLDER_PATH)/WisdomLeaf";
			};
			name = Debug;
		};
		BB3B8A642A0102C100FD434B /* Release */ = {
			isa = XCBuildConfiguration;
			baseConfigurationReference = E78813B79B125FBA324DB9E7 /* Pods-WisdomLeafTests.release.xcconfig */;
			buildSettings = {
				ALWAYS_EMBED_SWIFT_STANDARD_LIBRARIES = YES;
				BUNDLE_LOADER = "$(TEST_HOST)";
				CODE_SIGN_STYLE = Automatic;
				CURRENT_PROJECT_VERSION = 1;
				GENERATE_INFOPLIST_FILE = YES;
				IPHONEOS_DEPLOYMENT_TARGET = 16.2;
				MARKETING_VERSION = 1.0;
				PRODUCT_BUNDLE_IDENTIFIER = com.automaton.test.WisdomLeafTests;
				PRODUCT_NAME = "$(TARGET_NAME)";
				SWIFT_EMIT_LOC_STRINGS = NO;
				SWIFT_VERSION = 5.0;
				TARGETED_DEVICE_FAMILY = "1,2";
				TEST_HOST = "$(BUILT_PRODUCTS_DIR)/WisdomLeaf.app/$(BUNDLE_EXECUTABLE_FOLDER_PATH)/WisdomLeaf";
			};
			name = Release;
		};
		BB3B8A662A0102C100FD434B /* Debug */ = {
			isa = XCBuildConfiguration;
			baseConfigurationReference = F8D5AFAD6E99346F296D9DF6 /* Pods-WisdomLeaf-WisdomLeafUITests.debug.xcconfig */;
			buildSettings = {
				ALWAYS_EMBED_SWIFT_STANDARD_LIBRARIES = YES;
				CODE_SIGN_STYLE = Automatic;
				CURRENT_PROJECT_VERSION = 1;
				GENERATE_INFOPLIST_FILE = YES;
				MARKETING_VERSION = 1.0;
				PRODUCT_BUNDLE_IDENTIFIER = com.automaton.test.WisdomLeafUITests;
				PRODUCT_NAME = "$(TARGET_NAME)";
				SWIFT_EMIT_LOC_STRINGS = NO;
				SWIFT_VERSION = 5.0;
				TARGETED_DEVICE_FAMILY = "1,2";
				TEST_TARGET_NAME = WisdomLeaf;
			};
			name = Debug;
		};
		BB3B8A672A0102C100FD434B /* Release */ = {
			isa = XCBuildConfiguration;
			baseConfigurationReference = 8F1DC3EB6765834A44FD4E77 /* Pods-WisdomLeaf-WisdomLeafUITests.release.xcconfig */;
			buildSettings = {
				ALWAYS_EMBED_SWIFT_STANDARD_LIBRARIES = YES;
				CODE_SIGN_STYLE = Automatic;
				CURRENT_PROJECT_VERSION = 1;
				GENERATE_INFOPLIST_FILE = YES;
				MARKETING_VERSION = 1.0;
				PRODUCT_BUNDLE_IDENTIFIER = com.automaton.test.WisdomLeafUITests;
				PRODUCT_NAME = "$(TARGET_NAME)";
				SWIFT_EMIT_LOC_STRINGS = NO;
				SWIFT_VERSION = 5.0;
				TARGETED_DEVICE_FAMILY = "1,2";
				TEST_TARGET_NAME = WisdomLeaf;
			};
			name = Release;
		};
/* End XCBuildConfiguration section */

/* Begin XCConfigurationList section */
		BB3B8A302A0102BB00FD434B /* Build configuration list for PBXProject "WisdomLeaf" */ = {
			isa = XCConfigurationList;
			buildConfigurations = (
				BB3B8A5D2A0102C100FD434B /* Debug */,
				BB3B8A5E2A0102C100FD434B /* Release */,
			);
			defaultConfigurationIsVisible = 0;
			defaultConfigurationName = Release;
		};
		BB3B8A5F2A0102C100FD434B /* Build configuration list for PBXNativeTarget "WisdomLeaf" */ = {
			isa = XCConfigurationList;
			buildConfigurations = (
				BB3B8A602A0102C100FD434B /* Debug */,
				BB3B8A612A0102C100FD434B /* Release */,
			);
			defaultConfigurationIsVisible = 0;
			defaultConfigurationName = Release;
		};
		BB3B8A622A0102C100FD434B /* Build configuration list for PBXNativeTarget "WisdomLeafTests" */ = {
			isa = XCConfigurationList;
			buildConfigurations = (
				BB3B8A632A0102C100FD434B /* Debug */,
				BB3B8A642A0102C100FD434B /* Release */,
			);
			defaultConfigurationIsVisible = 0;
			defaultConfigurationName = Release;
		};
		BB3B8A652A0102C100FD434B /* Build configuration list for PBXNativeTarget "WisdomLeafUITests" */ = {
			isa = XCConfigurationList;
			buildConfigurations = (
				BB3B8A662A0102C100FD434B /* Debug */,
				BB3B8A672A0102C100FD434B /* Release */,
			);
			defaultConfigurationIsVisible = 0;
			defaultConfigurationName = Release;
		};
/* End XCConfigurationList section */
	};
	rootObject = BB3B8A2D2A0102BB00FD434B /* Project object */;
}
